// !$*UTF8*$!
{
	archiveVersion = 1;
	classes = {
	};
	objectVersion = 50;
	objects = {

/* Begin PBXBuildFile section */
		9712935623320E1E002AAD08 /* TypeButton.swift in Sources */ = {isa = PBXBuildFile; fileRef = 9712935523320E1E002AAD08 /* TypeButton.swift */; };
		9712935823320FA6002AAD08 /* Constants.swift in Sources */ = {isa = PBXBuildFile; fileRef = 9712935723320FA6002AAD08 /* Constants.swift */; };
		971C11522333A59B00CD5C7E /* FiltersVC.swift in Sources */ = {isa = PBXBuildFile; fileRef = 971C11512333A59B00CD5C7E /* FiltersVC.swift */; };
		973A2C912331F2F100B7F603 /* PokemonGenerator.swift in Sources */ = {isa = PBXBuildFile; fileRef = 973A2C902331F2F100B7F603 /* PokemonGenerator.swift */; };
		973A2C972331F39700B7F603 /* pokeData.json in Resources */ = {isa = PBXBuildFile; fileRef = 973A2C962331F39700B7F603 /* pokeData.json */; };
		97A519AC2332AE9300F749D9 /* DetailVC.swift in Sources */ = {isa = PBXBuildFile; fileRef = 97A519AB2332AE9300F749D9 /* DetailVC.swift */; };
		97D8AD6A2331F06A000ED444 /* AppDelegate.swift in Sources */ = {isa = PBXBuildFile; fileRef = 97D8AD692331F06A000ED444 /* AppDelegate.swift */; };
		97D8AD6C2331F06A000ED444 /* SearchVC.swift in Sources */ = {isa = PBXBuildFile; fileRef = 97D8AD6B2331F06A000ED444 /* SearchVC.swift */; };
		97D8AD6F2331F06A000ED444 /* Main.storyboard in Resources */ = {isa = PBXBuildFile; fileRef = 97D8AD6D2331F06A000ED444 /* Main.storyboard */; };
		97D8AD712331F06C000ED444 /* Assets.xcassets in Resources */ = {isa = PBXBuildFile; fileRef = 97D8AD702331F06C000ED444 /* Assets.xcassets */; };
		97D8AD742331F06C000ED444 /* LaunchScreen.storyboard in Resources */ = {isa = PBXBuildFile; fileRef = 97D8AD722331F06C000ED444 /* LaunchScreen.storyboard */; };
		97D8AD7F2331F06C000ED444 /* MDB_Mini_Project_2Tests.swift in Sources */ = {isa = PBXBuildFile; fileRef = 97D8AD7E2331F06C000ED444 /* MDB_Mini_Project_2Tests.swift */; };
		97D8AD8A2331F06C000ED444 /* MDB_Mini_Project_2UITests.swift in Sources */ = {isa = PBXBuildFile; fileRef = 97D8AD892331F06C000ED444 /* MDB_Mini_Project_2UITests.swift */; };
		97D8AD992331F27B000ED444 /* Pokemon.swift in Sources */ = {isa = PBXBuildFile; fileRef = 97D8AD982331F27B000ED444 /* Pokemon.swift */; };
/* End PBXBuildFile section */

/* Begin PBXContainerItemProxy section */
		97D8AD7B2331F06C000ED444 /* PBXContainerItemProxy */ = {
			isa = PBXContainerItemProxy;
			containerPortal = 97D8AD5E2331F06A000ED444 /* Project object */;
			proxyType = 1;
			remoteGlobalIDString = 97D8AD652331F06A000ED444;
			remoteInfo = "MDB Mini Project 2";
		};
		97D8AD862331F06C000ED444 /* PBXContainerItemProxy */ = {
			isa = PBXContainerItemProxy;
			containerPortal = 97D8AD5E2331F06A000ED444 /* Project object */;
			proxyType = 1;
			remoteGlobalIDString = 97D8AD652331F06A000ED444;
			remoteInfo = "MDB Mini Project 2";
		};
/* End PBXContainerItemProxy section */

/* Begin PBXFileReference section */
		9712935523320E1E002AAD08 /* TypeButton.swift */ = {isa = PBXFileReference; lastKnownFileType = sourcecode.swift; path = TypeButton.swift; sourceTree = "<group>"; };
		9712935723320FA6002AAD08 /* Constants.swift */ = {isa = PBXFileReference; lastKnownFileType = sourcecode.swift; path = Constants.swift; sourceTree = "<group>"; };
		971C11512333A59B00CD5C7E /* FiltersVC.swift */ = {isa = PBXFileReference; lastKnownFileType = sourcecode.swift; path = FiltersVC.swift; sourceTree = "<group>"; };
		973A2C902331F2F100B7F603 /* PokemonGenerator.swift */ = {isa = PBXFileReference; fileEncoding = 4; lastKnownFileType = sourcecode.swift; path = PokemonGenerator.swift; sourceTree = "<group>"; };
		973A2C962331F39700B7F603 /* pokeData.json */ = {isa = PBXFileReference; fileEncoding = 4; lastKnownFileType = text.json; path = pokeData.json; sourceTree = "<group>"; };
		97A519AB2332AE9300F749D9 /* DetailVC.swift */ = {isa = PBXFileReference; lastKnownFileType = sourcecode.swift; path = DetailVC.swift; sourceTree = "<group>"; };
		97D8AD662331F06A000ED444 /* MDB Mini Project 2.app */ = {isa = PBXFileReference; explicitFileType = wrapper.application; includeInIndex = 0; path = "MDB Mini Project 2.app"; sourceTree = BUILT_PRODUCTS_DIR; };
		97D8AD692331F06A000ED444 /* AppDelegate.swift */ = {isa = PBXFileReference; lastKnownFileType = sourcecode.swift; path = AppDelegate.swift; sourceTree = "<group>"; };
		97D8AD6B2331F06A000ED444 /* SearchVC.swift */ = {isa = PBXFileReference; lastKnownFileType = sourcecode.swift; path = SearchVC.swift; sourceTree = "<group>"; };
		97D8AD6E2331F06A000ED444 /* Base */ = {isa = PBXFileReference; lastKnownFileType = file.storyboard; name = Base; path = Base.lproj/Main.storyboard; sourceTree = "<group>"; };
		97D8AD702331F06C000ED444 /* Assets.xcassets */ = {isa = PBXFileReference; lastKnownFileType = folder.assetcatalog; path = Assets.xcassets; sourceTree = "<group>"; };
		97D8AD732331F06C000ED444 /* Base */ = {isa = PBXFileReference; lastKnownFileType = file.storyboard; name = Base; path = Base.lproj/LaunchScreen.storyboard; sourceTree = "<group>"; };
		97D8AD752331F06C000ED444 /* Info.plist */ = {isa = PBXFileReference; lastKnownFileType = text.plist.xml; path = Info.plist; sourceTree = "<group>"; };
		97D8AD7A2331F06C000ED444 /* MDB Mini Project 2Tests.xctest */ = {isa = PBXFileReference; explicitFileType = wrapper.cfbundle; includeInIndex = 0; path = "MDB Mini Project 2Tests.xctest"; sourceTree = BUILT_PRODUCTS_DIR; };
		97D8AD7E2331F06C000ED444 /* MDB_Mini_Project_2Tests.swift */ = {isa = PBXFileReference; lastKnownFileType = sourcecode.swift; path = MDB_Mini_Project_2Tests.swift; sourceTree = "<group>"; };
		97D8AD802331F06C000ED444 /* Info.plist */ = {isa = PBXFileReference; lastKnownFileType = text.plist.xml; path = Info.plist; sourceTree = "<group>"; };
		97D8AD852331F06C000ED444 /* MDB Mini Project 2UITests.xctest */ = {isa = PBXFileReference; explicitFileType = wrapper.cfbundle; includeInIndex = 0; path = "MDB Mini Project 2UITests.xctest"; sourceTree = BUILT_PRODUCTS_DIR; };
		97D8AD892331F06C000ED444 /* MDB_Mini_Project_2UITests.swift */ = {isa = PBXFileReference; lastKnownFileType = sourcecode.swift; path = MDB_Mini_Project_2UITests.swift; sourceTree = "<group>"; };
		97D8AD8B2331F06C000ED444 /* Info.plist */ = {isa = PBXFileReference; lastKnownFileType = text.plist.xml; path = Info.plist; sourceTree = "<group>"; };
		97D8AD982331F27B000ED444 /* Pokemon.swift */ = {isa = PBXFileReference; fileEncoding = 4; lastKnownFileType = sourcecode.swift; path = Pokemon.swift; sourceTree = "<group>"; };
/* End PBXFileReference section */

/* Begin PBXFrameworksBuildPhase section */
		97D8AD632331F06A000ED444 /* Frameworks */ = {
			isa = PBXFrameworksBuildPhase;
			buildActionMask = 2147483647;
			files = (
			);
			runOnlyForDeploymentPostprocessing = 0;
		};
		97D8AD772331F06C000ED444 /* Frameworks */ = {
			isa = PBXFrameworksBuildPhase;
			buildActionMask = 2147483647;
			files = (
			);
			runOnlyForDeploymentPostprocessing = 0;
		};
		97D8AD822331F06C000ED444 /* Frameworks */ = {
			isa = PBXFrameworksBuildPhase;
			buildActionMask = 2147483647;
			files = (
			);
			runOnlyForDeploymentPostprocessing = 0;
		};
/* End PBXFrameworksBuildPhase section */

/* Begin PBXGroup section */
		973A2C922331F2FC00B7F603 /* Controllers */ = {
			isa = PBXGroup;
			children = (
				971C11512333A59B00CD5C7E /* FiltersVC.swift */,
				97D8AD6B2331F06A000ED444 /* SearchVC.swift */,
				97A519AB2332AE9300F749D9 /* DetailVC.swift */,
			);
			path = Controllers;
			sourceTree = "<group>";
		};
		973A2C932331F30600B7F603 /* Views */ = {
			isa = PBXGroup;
			children = (
				9712935523320E1E002AAD08 /* TypeButton.swift */,
			);
			path = Views;
			sourceTree = "<group>";
		};
		973A2C942331F33100B7F603 /* Resources */ = {
			isa = PBXGroup;
			children = (
				973A2C962331F39700B7F603 /* pokeData.json */,
				97D8AD702331F06C000ED444 /* Assets.xcassets */,
				9712935723320FA6002AAD08 /* Constants.swift */,
			);
			path = Resources;
			sourceTree = "<group>";
		};
		973A2C952331F33900B7F603 /* Helpers */ = {
			isa = PBXGroup;
			children = (
				973A2C902331F2F100B7F603 /* PokemonGenerator.swift */,
			);
			path = Helpers;
			sourceTree = "<group>";
		};
		97D8AD5D2331F06A000ED444 = {
			isa = PBXGroup;
			children = (
				97D8AD682331F06A000ED444 /* MDB Mini Project 2 */,
				97D8AD7D2331F06C000ED444 /* MDB Mini Project 2Tests */,
				97D8AD882331F06C000ED444 /* MDB Mini Project 2UITests */,
				97D8AD672331F06A000ED444 /* Products */,
			);
			sourceTree = "<group>";
		};
		97D8AD672331F06A000ED444 /* Products */ = {
			isa = PBXGroup;
			children = (
				97D8AD662331F06A000ED444 /* MDB Mini Project 2.app */,
				97D8AD7A2331F06C000ED444 /* MDB Mini Project 2Tests.xctest */,
				97D8AD852331F06C000ED444 /* MDB Mini Project 2UITests.xctest */,
			);
			name = Products;
			sourceTree = "<group>";
		};
		97D8AD682331F06A000ED444 /* MDB Mini Project 2 */ = {
			isa = PBXGroup;
			children = (
				97D8AD972331F212000ED444 /* Models */,
				973A2C932331F30600B7F603 /* Views */,
				973A2C922331F2FC00B7F603 /* Controllers */,
				973A2C952331F33900B7F603 /* Helpers */,
				973A2C942331F33100B7F603 /* Resources */,
				97D8AD692331F06A000ED444 /* AppDelegate.swift */,
				97D8AD6D2331F06A000ED444 /* Main.storyboard */,
				97D8AD722331F06C000ED444 /* LaunchScreen.storyboard */,
				97D8AD752331F06C000ED444 /* Info.plist */,
			);
			path = "MDB Mini Project 2";
			sourceTree = "<group>";
		};
		97D8AD7D2331F06C000ED444 /* MDB Mini Project 2Tests */ = {
			isa = PBXGroup;
			children = (
				97D8AD7E2331F06C000ED444 /* MDB_Mini_Project_2Tests.swift */,
				97D8AD802331F06C000ED444 /* Info.plist */,
			);
			path = "MDB Mini Project 2Tests";
			sourceTree = "<group>";
		};
		97D8AD882331F06C000ED444 /* MDB Mini Project 2UITests */ = {
			isa = PBXGroup;
			children = (
				97D8AD892331F06C000ED444 /* MDB_Mini_Project_2UITests.swift */,
				97D8AD8B2331F06C000ED444 /* Info.plist */,
			);
			path = "MDB Mini Project 2UITests";
			sourceTree = "<group>";
		};
		97D8AD972331F212000ED444 /* Models */ = {
			isa = PBXGroup;
			children = (
				97D8AD982331F27B000ED444 /* Pokemon.swift */,
			);
			path = Models;
			sourceTree = "<group>";
		};
/* End PBXGroup section */

/* Begin PBXNativeTarget section */
		97D8AD652331F06A000ED444 /* MDB Mini Project 2 */ = {
			isa = PBXNativeTarget;
			buildConfigurationList = 97D8AD8E2331F06C000ED444 /* Build configuration list for PBXNativeTarget "MDB Mini Project 2" */;
			buildPhases = (
				97D8AD622331F06A000ED444 /* Sources */,
				97D8AD632331F06A000ED444 /* Frameworks */,
				97D8AD642331F06A000ED444 /* Resources */,
			);
			buildRules = (
			);
			dependencies = (
			);
			name = "MDB Mini Project 2";
			productName = "MDB Mini Project 2";
			productReference = 97D8AD662331F06A000ED444 /* MDB Mini Project 2.app */;
			productType = "com.apple.product-type.application";
		};
		97D8AD792331F06C000ED444 /* MDB Mini Project 2Tests */ = {
			isa = PBXNativeTarget;
			buildConfigurationList = 97D8AD912331F06C000ED444 /* Build configuration list for PBXNativeTarget "MDB Mini Project 2Tests" */;
			buildPhases = (
				97D8AD762331F06C000ED444 /* Sources */,
				97D8AD772331F06C000ED444 /* Frameworks */,
				97D8AD782331F06C000ED444 /* Resources */,
			);
			buildRules = (
			);
			dependencies = (
				97D8AD7C2331F06C000ED444 /* PBXTargetDependency */,
			);
			name = "MDB Mini Project 2Tests";
			productName = "MDB Mini Project 2Tests";
			productReference = 97D8AD7A2331F06C000ED444 /* MDB Mini Project 2Tests.xctest */;
			productType = "com.apple.product-type.bundle.unit-test";
		};
		97D8AD842331F06C000ED444 /* MDB Mini Project 2UITests */ = {
			isa = PBXNativeTarget;
			buildConfigurationList = 97D8AD942331F06C000ED444 /* Build configuration list for PBXNativeTarget "MDB Mini Project 2UITests" */;
			buildPhases = (
				97D8AD812331F06C000ED444 /* Sources */,
				97D8AD822331F06C000ED444 /* Frameworks */,
				97D8AD832331F06C000ED444 /* Resources */,
			);
			buildRules = (
			);
			dependencies = (
				97D8AD872331F06C000ED444 /* PBXTargetDependency */,
			);
			name = "MDB Mini Project 2UITests";
			productName = "MDB Mini Project 2UITests";
			productReference = 97D8AD852331F06C000ED444 /* MDB Mini Project 2UITests.xctest */;
			productType = "com.apple.product-type.bundle.ui-testing";
		};
/* End PBXNativeTarget section */

/* Begin PBXProject section */
		97D8AD5E2331F06A000ED444 /* Project object */ = {
			isa = PBXProject;
			attributes = {
				LastSwiftUpdateCheck = 1030;
				LastUpgradeCheck = 1030;
				ORGANIZATIONNAME = "Anik Gupta";
				TargetAttributes = {
					97D8AD652331F06A000ED444 = {
						CreatedOnToolsVersion = 10.3;
					};
					97D8AD792331F06C000ED444 = {
						CreatedOnToolsVersion = 10.3;
						TestTargetID = 97D8AD652331F06A000ED444;
					};
					97D8AD842331F06C000ED444 = {
						CreatedOnToolsVersion = 10.3;
						TestTargetID = 97D8AD652331F06A000ED444;
					};
				};
			};
			buildConfigurationList = 97D8AD612331F06A000ED444 /* Build configuration list for PBXProject "MDB Mini Project 2" */;
			compatibilityVersion = "Xcode 9.3";
			developmentRegion = en;
			hasScannedForEncodings = 0;
			knownRegions = (
				en,
				Base,
			);
			mainGroup = 97D8AD5D2331F06A000ED444;
			productRefGroup = 97D8AD672331F06A000ED444 /* Products */;
			projectDirPath = "";
			projectRoot = "";
			targets = (
				97D8AD652331F06A000ED444 /* MDB Mini Project 2 */,
				97D8AD792331F06C000ED444 /* MDB Mini Project 2Tests */,
				97D8AD842331F06C000ED444 /* MDB Mini Project 2UITests */,
			);
		};
/* End PBXProject section */

/* Begin PBXResourcesBuildPhase section */
		97D8AD642331F06A000ED444 /* Resources */ = {
			isa = PBXResourcesBuildPhase;
			buildActionMask = 2147483647;
			files = (
				97D8AD742331F06C000ED444 /* LaunchScreen.storyboard in Resources */,
				97D8AD712331F06C000ED444 /* Assets.xcassets in Resources */,
				973A2C972331F39700B7F603 /* pokeData.json in Resources */,
				97D8AD6F2331F06A000ED444 /* Main.storyboard in Resources */,
			);
			runOnlyForDeploymentPostprocessing = 0;
		};
		97D8AD782331F06C000ED444 /* Resources */ = {
			isa = PBXResourcesBuildPhase;
			buildActionMask = 2147483647;
			files = (
			);
			runOnlyForDeploymentPostprocessing = 0;
		};
		97D8AD832331F06C000ED444 /* Resources */ = {
			isa = PBXResourcesBuildPhase;
			buildActionMask = 2147483647;
			files = (
			);
			runOnlyForDeploymentPostprocessing = 0;
		};
/* End PBXResourcesBuildPhase section */

/* Begin PBXSourcesBuildPhase section */
		97D8AD622331F06A000ED444 /* Sources */ = {
			isa = PBXSourcesBuildPhase;
			buildActionMask = 2147483647;
			files = (
				97D8AD6C2331F06A000ED444 /* SearchVC.swift in Sources */,
				973A2C912331F2F100B7F603 /* PokemonGenerator.swift in Sources */,
				97D8AD6A2331F06A000ED444 /* AppDelegate.swift in Sources */,
				9712935823320FA6002AAD08 /* Constants.swift in Sources */,
				971C11522333A59B00CD5C7E /* FiltersVC.swift in Sources */,
				97A519AC2332AE9300F749D9 /* DetailVC.swift in Sources */,
				97D8AD992331F27B000ED444 /* Pokemon.swift in Sources */,
				9712935623320E1E002AAD08 /* TypeButton.swift in Sources */,
			);
			runOnlyForDeploymentPostprocessing = 0;
		};
		97D8AD762331F06C000ED444 /* Sources */ = {
			isa = PBXSourcesBuildPhase;
			buildActionMask = 2147483647;
			files = (
				97D8AD7F2331F06C000ED444 /* MDB_Mini_Project_2Tests.swift in Sources */,
			);
			runOnlyForDeploymentPostprocessing = 0;
		};
		97D8AD812331F06C000ED444 /* Sources */ = {
			isa = PBXSourcesBuildPhase;
			buildActionMask = 2147483647;
			files = (
				97D8AD8A2331F06C000ED444 /* MDB_Mini_Project_2UITests.swift in Sources */,
			);
			runOnlyForDeploymentPostprocessing = 0;
		};
/* End PBXSourcesBuildPhase section */

/* Begin PBXTargetDependency section */
		97D8AD7C2331F06C000ED444 /* PBXTargetDependency */ = {
			isa = PBXTargetDependency;
			target = 97D8AD652331F06A000ED444 /* MDB Mini Project 2 */;
			targetProxy = 97D8AD7B2331F06C000ED444 /* PBXContainerItemProxy */;
		};
		97D8AD872331F06C000ED444 /* PBXTargetDependency */ = {
			isa = PBXTargetDependency;
			target = 97D8AD652331F06A000ED444 /* MDB Mini Project 2 */;
			targetProxy = 97D8AD862331F06C000ED444 /* PBXContainerItemProxy */;
		};
/* End PBXTargetDependency section */

/* Begin PBXVariantGroup section */
		97D8AD6D2331F06A000ED444 /* Main.storyboard */ = {
			isa = PBXVariantGroup;
			children = (
				97D8AD6E2331F06A000ED444 /* Base */,
			);
			name = Main.storyboard;
			sourceTree = "<group>";
		};
		97D8AD722331F06C000ED444 /* LaunchScreen.storyboard */ = {
			isa = PBXVariantGroup;
			children = (
				97D8AD732331F06C000ED444 /* Base */,
			);
			name = LaunchScreen.storyboard;
			sourceTree = "<group>";
		};
/* End PBXVariantGroup section */

/* Begin XCBuildConfiguration section */
		97D8AD8C2331F06C000ED444 /* Debug */ = {
			isa = XCBuildConfiguration;
			buildSettings = {
				ALWAYS_SEARCH_USER_PATHS = NO;
				CLANG_ANALYZER_NONNULL = YES;
				CLANG_ANALYZER_NUMBER_OBJECT_CONVERSION = YES_AGGRESSIVE;
				CLANG_CXX_LANGUAGE_STANDARD = "gnu++14";
				CLANG_CXX_LIBRARY = "libc++";
				CLANG_ENABLE_MODULES = YES;
				CLANG_ENABLE_OBJC_ARC = YES;
				CLANG_ENABLE_OBJC_WEAK = YES;
				CLANG_WARN_BLOCK_CAPTURE_AUTORELEASING = YES;
				CLANG_WARN_BOOL_CONVERSION = YES;
				CLANG_WARN_COMMA = YES;
				CLANG_WARN_CONSTANT_CONVERSION = YES;
				CLANG_WARN_DEPRECATED_OBJC_IMPLEMENTATIONS = YES;
				CLANG_WARN_DIRECT_OBJC_ISA_USAGE = YES_ERROR;
				CLANG_WARN_DOCUMENTATION_COMMENTS = YES;
				CLANG_WARN_EMPTY_BODY = YES;
				CLANG_WARN_ENUM_CONVERSION = YES;
				CLANG_WARN_INFINITE_RECURSION = YES;
				CLANG_WARN_INT_CONVERSION = YES;
				CLANG_WARN_NON_LITERAL_NULL_CONVERSION = YES;
				CLANG_WARN_OBJC_IMPLICIT_RETAIN_SELF = YES;
				CLANG_WARN_OBJC_LITERAL_CONVERSION = YES;
				CLANG_WARN_OBJC_ROOT_CLASS = YES_ERROR;
				CLANG_WARN_RANGE_LOOP_ANALYSIS = YES;
				CLANG_WARN_STRICT_PROTOTYPES = YES;
				CLANG_WARN_SUSPICIOUS_MOVE = YES;
				CLANG_WARN_UNGUARDED_AVAILABILITY = YES_AGGRESSIVE;
				CLANG_WARN_UNREACHABLE_CODE = YES;
				CLANG_WARN__DUPLICATE_METHOD_MATCH = YES;
				CODE_SIGN_IDENTITY = "iPhone Developer";
				COPY_PHASE_STRIP = NO;
				DEBUG_INFORMATION_FORMAT = dwarf;
				ENABLE_STRICT_OBJC_MSGSEND = YES;
				ENABLE_TESTABILITY = YES;
				GCC_C_LANGUAGE_STANDARD = gnu11;
				GCC_DYNAMIC_NO_PIC = NO;
				GCC_NO_COMMON_BLOCKS = YES;
				GCC_OPTIMIZATION_LEVEL = 0;
				GCC_PREPROCESSOR_DEFINITIONS = (
					"DEBUG=1",
					"$(inherited)",
				);
				GCC_WARN_64_TO_32_BIT_CONVERSION = YES;
				GCC_WARN_ABOUT_RETURN_TYPE = YES_ERROR;
				GCC_WARN_UNDECLARED_SELECTOR = YES;
				GCC_WARN_UNINITIALIZED_AUTOS = YES_AGGRESSIVE;
				GCC_WARN_UNUSED_FUNCTION = YES;
				GCC_WARN_UNUSED_VARIABLE = YES;
				IPHONEOS_DEPLOYMENT_TARGET = 12.4;
				MTL_ENABLE_DEBUG_INFO = INCLUDE_SOURCE;
				MTL_FAST_MATH = YES;
				ONLY_ACTIVE_ARCH = YES;
				SDKROOT = iphoneos;
				SWIFT_ACTIVE_COMPILATION_CONDITIONS = DEBUG;
				SWIFT_OPTIMIZATION_LEVEL = "-Onone";
			};
			name = Debug;
		};
		97D8AD8D2331F06C000ED444 /* Release */ = {
			isa = XCBuildConfiguration;
			buildSettings = {
				ALWAYS_SEARCH_USER_PATHS = NO;
				CLANG_ANALYZER_NONNULL = YES;
				CLANG_ANALYZER_NUMBER_OBJECT_CONVERSION = YES_AGGRESSIVE;
				CLANG_CXX_LANGUAGE_STANDARD = "gnu++14";
				CLANG_CXX_LIBRARY = "libc++";
				CLANG_ENABLE_MODULES = YES;
				CLANG_ENABLE_OBJC_ARC = YES;
				CLANG_ENABLE_OBJC_WEAK = YES;
				CLANG_WARN_BLOCK_CAPTURE_AUTORELEASING = YES;
				CLANG_WARN_BOOL_CONVERSION = YES;
				CLANG_WARN_COMMA = YES;
				CLANG_WARN_CONSTANT_CONVERSION = YES;
				CLANG_WARN_DEPRECATED_OBJC_IMPLEMENTATIONS = YES;
				CLANG_WARN_DIRECT_OBJC_ISA_USAGE = YES_ERROR;
				CLANG_WARN_DOCUMENTATION_COMMENTS = YES;
				CLANG_WARN_EMPTY_BODY = YES;
				CLANG_WARN_ENUM_CONVERSION = YES;
				CLANG_WARN_INFINITE_RECURSION = YES;
				CLANG_WARN_INT_CONVERSION = YES;
				CLANG_WARN_NON_LITERAL_NULL_CONVERSION = YES;
				CLANG_WARN_OBJC_IMPLICIT_RETAIN_SELF = YES;
				CLANG_WARN_OBJC_LITERAL_CONVERSION = YES;
				CLANG_WARN_OBJC_ROOT_CLASS = YES_ERROR;
				CLANG_WARN_RANGE_LOOP_ANALYSIS = YES;
				CLANG_WARN_STRICT_PROTOTYPES = YES;
				CLANG_WARN_SUSPICIOUS_MOVE = YES;
				CLANG_WARN_UNGUARDED_AVAILABILITY = YES_AGGRESSIVE;
				CLANG_WARN_UNREACHABLE_CODE = YES;
				CLANG_WARN__DUPLICATE_METHOD_MATCH = YES;
				CODE_SIGN_IDENTITY = "iPhone Developer";
				COPY_PHASE_STRIP = NO;
				DEBUG_INFORMATION_FORMAT = "dwarf-with-dsym";
				ENABLE_NS_ASSERTIONS = NO;
				ENABLE_STRICT_OBJC_MSGSEND = YES;
				GCC_C_LANGUAGE_STANDARD = gnu11;
				GCC_NO_COMMON_BLOCKS = YES;
				GCC_WARN_64_TO_32_BIT_CONVERSION = YES;
				GCC_WARN_ABOUT_RETURN_TYPE = YES_ERROR;
				GCC_WARN_UNDECLARED_SELECTOR = YES;
				GCC_WARN_UNINITIALIZED_AUTOS = YES_AGGRESSIVE;
				GCC_WARN_UNUSED_FUNCTION = YES;
				GCC_WARN_UNUSED_VARIABLE = YES;
				IPHONEOS_DEPLOYMENT_TARGET = 12.4;
				MTL_ENABLE_DEBUG_INFO = NO;
				MTL_FAST_MATH = YES;
				SDKROOT = iphoneos;
				SWIFT_COMPILATION_MODE = wholemodule;
				SWIFT_OPTIMIZATION_LEVEL = "-O";
				VALIDATE_PRODUCT = YES;
			};
			name = Release;
		};
		97D8AD8F2331F06C000ED444 /* Debug */ = {
			isa = XCBuildConfiguration;
			buildSettings = {
				ASSETCATALOG_COMPILER_APPICON_NAME = AppIcon;
				CODE_SIGN_STYLE = Automatic;
				DEVELOPMENT_TEAM = XGGT2MG2FH;
				INFOPLIST_FILE = "MDB Mini Project 2/Info.plist";
				LD_RUNPATH_SEARCH_PATHS = (
					"$(inherited)",
					"@executable_path/Frameworks",
				);
				PRODUCT_BUNDLE_IDENTIFIER = "com.anikgupta.MDB-Mini-Project-2";
				PRODUCT_NAME = "$(TARGET_NAME)";
				SWIFT_VERSION = 5.0;
				TARGETED_DEVICE_FAMILY = "1,2";
			};
			name = Debug;
		};
		97D8AD902331F06C000ED444 /* Release */ = {
			isa = XCBuildConfiguration;
			buildSettings = {
				ASSETCATALOG_COMPILER_APPICON_NAME = AppIcon;
				CODE_SIGN_STYLE = Automatic;
				DEVELOPMENT_TEAM = XGGT2MG2FH;
				INFOPLIST_FILE = "MDB Mini Project 2/Info.plist";
				LD_RUNPATH_SEARCH_PATHS = (
					"$(inherited)",
					"@executable_path/Frameworks",
				);
				PRODUCT_BUNDLE_IDENTIFIER = "com.anikgupta.MDB-Mini-Project-2";
				PRODUCT_NAME = "$(TARGET_NAME)";
				SWIFT_VERSION = 5.0;
				TARGETED_DEVICE_FAMILY = "1,2";
			};
			name = Release;
		};
		97D8AD922331F06C000ED444 /* Debug */ = {
			isa = XCBuildConfiguration;
			buildSettings = {
				ALWAYS_EMBED_SWIFT_STANDARD_LIBRARIES = YES;
				BUNDLE_LOADER = "$(TEST_HOST)";
				CODE_SIGN_STYLE = Automatic;
				DEVELOPMENT_TEAM = XGGT2MG2FH;
				INFOPLIST_FILE = "MDB Mini Project 2Tests/Info.plist";
				LD_RUNPATH_SEARCH_PATHS = (
					"$(inherited)",
					"@executable_path/Frameworks",
					"@loader_path/Frameworks",
				);
				PRODUCT_BUNDLE_IDENTIFIER = "com.anikgupta.MDB-Mini-Project-2Tests";
				PRODUCT_NAME = "$(TARGET_NAME)";
				SWIFT_VERSION = 5.0;
				TARGETED_DEVICE_FAMILY = "1,2";
				TEST_HOST = "$(BUILT_PRODUCTS_DIR)/MDB Mini Project 2.app/MDB Mini Project 2";
			};
			name = Debug;
		};
		97D8AD932331F06C000ED444 /* Release */ = {
			isa = XCBuildConfiguration;
			buildSettings = {
				ALWAYS_EMBED_SWIFT_STANDARD_LIBRARIES = YES;
				BUNDLE_LOADER = "$(TEST_HOST)";
				CODE_SIGN_STYLE = Automatic;
				DEVELOPMENT_TEAM = XGGT2MG2FH;
				INFOPLIST_FILE = "MDB Mini Project 2Tests/Info.plist";
				LD_RUNPATH_SEARCH_PATHS = (
					"$(inherited)",
					"@executable_path/Frameworks",
					"@loader_path/Frameworks",
				);
				PRODUCT_BUNDLE_IDENTIFIER = "com.anikgupta.MDB-Mini-Project-2Tests";
				PRODUCT_NAME = "$(TARGET_NAME)";
				SWIFT_VERSION = 5.0;
				TARGETED_DEVICE_FAMILY = "1,2";
				TEST_HOST = "$(BUILT_PRODUCTS_DIR)/MDB Mini Project 2.app/MDB Mini Project 2";
			};
			name = Release;
		};
		97D8AD952331F06C000ED444 /* Debug */ = {
			isa = XCBuildConfiguration;
			buildSettings = {
				ALWAYS_EMBED_SWIFT_STANDARD_LIBRARIES = YES;
				CODE_SIGN_STYLE = Automatic;
				DEVELOPMENT_TEAM = XGGT2MG2FH;
				INFOPLIST_FILE = "MDB Mini Project 2UITests/Info.plist";
				LD_RUNPATH_SEARCH_PATHS = (
					"$(inherited)",
					"@executable_path/Frameworks",
					"@loader_path/Frameworks",
				);
				PRODUCT_BUNDLE_IDENTIFIER = "com.anikgupta.MDB-Mini-Project-2UITests";
				PRODUCT_NAME = "$(TARGET_NAME)";
				SWIFT_VERSION = 5.0;
				TARGETED_DEVICE_FAMILY = "1,2";
				TEST_TARGET_NAME = "MDB Mini Project 2";
			};
			name = Debug;
		};
		97D8AD962331F06C000ED444 /* Release */ = {
			isa = XCBuildConfiguration;
			buildSettings = {
				ALWAYS_EMBED_SWIFT_STANDARD_LIBRARIES = YES;
				CODE_SIGN_STYLE = Automatic;
				DEVELOPMENT_TEAM = XGGT2MG2FH;
				INFOPLIST_FILE = "MDB Mini Project 2UITests/Info.plist";
				LD_RUNPATH_SEARCH_PATHS = (
					"$(inherited)",
					"@executable_path/Frameworks",
					"@loader_path/Frameworks",
				);
				PRODUCT_BUNDLE_IDENTIFIER = "com.anikgupta.MDB-Mini-Project-2UITests";
				PRODUCT_NAME = "$(TARGET_NAME)";
				SWIFT_VERSION = 5.0;
				TARGETED_DEVICE_FAMILY = "1,2";
				TEST_TARGET_NAME = "MDB Mini Project 2";
			};
			name = Release;
		};
/* End XCBuildConfiguration section */

/* Begin XCConfigurationList section */
		97D8AD612331F06A000ED444 /* Build configuration list for PBXProject "MDB Mini Project 2" */ = {
			isa = XCConfigurationList;
			buildConfigurations = (
				97D8AD8C2331F06C000ED444 /* Debug */,
				97D8AD8D2331F06C000ED444 /* Release */,
			);
			defaultConfigurationIsVisible = 0;
			defaultConfigurationName = Release;
		};
		97D8AD8E2331F06C000ED444 /* Build configuration list for PBXNativeTarget "MDB Mini Project 2" */ = {
			isa = XCConfigurationList;
			buildConfigurations = (
				97D8AD8F2331F06C000ED444 /* Debug */,
				97D8AD902331F06C000ED444 /* Release */,
			);
			defaultConfigurationIsVisible = 0;
			defaultConfigurationName = Release;
		};
		97D8AD912331F06C000ED444 /* Build configuration list for PBXNativeTarget "MDB Mini Project 2Tests" */ = {
			isa = XCConfigurationList;
			buildConfigurations = (
				97D8AD922331F06C000ED444 /* Debug */,
				97D8AD932331F06C000ED444 /* Release */,
			);
			defaultConfigurationIsVisible = 0;
			defaultConfigurationName = Release;
		};
		97D8AD942331F06C000ED444 /* Build configuration list for PBXNativeTarget "MDB Mini Project 2UITests" */ = {
			isa = XCConfigurationList;
			buildConfigurations = (
				97D8AD952331F06C000ED444 /* Debug */,
				97D8AD962331F06C000ED444 /* Release */,
			);
			defaultConfigurationIsVisible = 0;
			defaultConfigurationName = Release;
		};
/* End XCConfigurationList section */
	};
	rootObject = 97D8AD5E2331F06A000ED444 /* Project object */;
}
